
Microsoft Visual Studio Solution File, Format Version 12.00
# Visual Studio 15
Project("{FAE04EC0-301F-11D3-BF4B-00C04F79EFBC}") = "Assembly-CSharp", "Assembly-CSharp.csproj", "{ADDC2BED-D618-0156-ED45-9B5B54A6E578}"
EndProject
Project("{FAE04EC0-301F-11D3-BF4B-00C04F79EFBC}") = "Assembly-CSharp-Editor", "Assembly-CSharp-Editor.csproj", "{7C196FE3-DB26-2BCE-0089-A61F6E26C8CB}"
EndProject
Global
	GlobalSection(SolutionConfigurationPlatforms) = preSolution
		Debug|Any CPU = Debug|Any CPU
		Release|Any CPU = Release|Any CPU
	EndGlobalSection
	GlobalSection(ProjectConfigurationPlatforms) = postSolution
		{ADDC2BED-D618-0156-ED45-9B5B54A6E578}.Debug|Any CPU.ActiveCfg = Debug|Any CPU
		{ADDC2BED-D618-0156-ED45-9B5B54A6E578}.Debug|Any CPU.Build.0 = Debug|Any CPU
		{ADDC2BED-D618-0156-ED45-9B5B54A6E578}.Release|Any CPU.ActiveCfg = Release|Any CPU
		{ADDC2BED-D618-0156-ED45-9B5B54A6E578}.Release|Any CPU.Build.0 = Release|Any CPU
		{7C196FE3-DB26-2BCE-0089-A61F6E26C8CB}.Debug|Any CPU.ActiveCfg = Debug|Any CPU
		{7C196FE3-DB26-2BCE-0089-A61F6E26C8CB}.Debug|Any CPU.Build.0 = Debug|Any CPU
		{7C196FE3-DB26-2BCE-0089-A61F6E26C8CB}.Release|Any CPU.ActiveCfg = Release|Any CPU
		{7C196FE3-DB26-2BCE-0089-A61F6E26C8CB}.Release|Any CPU.Build.0 = Release|Any CPU
	EndGlobalSection
	GlobalSection(SolutionProperties) = preSolution
		HideSolutionNode = FALSE
	EndGlobalSection
EndGlobal
